// !$*UTF8*$!
{
	archiveVersion = 1;
	classes = {
	};
	objectVersion = 50;
	objects = {

/* Begin PBXBuildFile section */
		18192BE925A0AC3000913BF5 /* WeightConverter.swift in Sources */ = {isa = PBXBuildFile; fileRef = 18192BE125A0AC2F00913BF5 /* WeightConverter.swift */; };
		18192BEA25A0AC3000913BF5 /* AngleConverter.swift in Sources */ = {isa = PBXBuildFile; fileRef = 18192BE225A0AC2F00913BF5 /* AngleConverter.swift */; };
		18192BEB25A0AC3000913BF5 /* EnergyConverter.swift in Sources */ = {isa = PBXBuildFile; fileRef = 18192BE325A0AC2F00913BF5 /* EnergyConverter.swift */; };
		18192BEC25A0AC3000913BF5 /* DistanceConverter.swift in Sources */ = {isa = PBXBuildFile; fileRef = 18192BE425A0AC2F00913BF5 /* DistanceConverter.swift */; };
		18192BED25A0AC3000913BF5 /* TimeConverter.swift in Sources */ = {isa = PBXBuildFile; fileRef = 18192BE525A0AC2F00913BF5 /* TimeConverter.swift */; };
		18192BEE25A0AC3000913BF5 /* TemperatureConverter.swift in Sources */ = {isa = PBXBuildFile; fileRef = 18192BE625A0AC2F00913BF5 /* TemperatureConverter.swift */; };
		18192BEF25A0AC3000913BF5 /* SpeedConverter.swift in Sources */ = {isa = PBXBuildFile; fileRef = 18192BE725A0AC2F00913BF5 /* SpeedConverter.swift */; };
		18192BF025A0AC3000913BF5 /* LengthConverter.swift in Sources */ = {isa = PBXBuildFile; fileRef = 18192BE825A0AC3000913BF5 /* LengthConverter.swift */; };
		18192BF325A0AC5A00913BF5 /* AreaConverter.swift in Sources */ = {isa = PBXBuildFile; fileRef = 18192BF225A0AC5A00913BF5 /* AreaConverter.swift */; };
		1860AE6225B366E600232476 /* Conversions.swift in Sources */ = {isa = PBXBuildFile; fileRef = 1860AE6125B366E600232476 /* Conversions.swift */; };
		18A64D15259CB95E00F13966 /* ConverterAppSwiftUIApp.swift in Sources */ = {isa = PBXBuildFile; fileRef = 18A64D14259CB95E00F13966 /* ConverterAppSwiftUIApp.swift */; };
		18A64D17259CB95E00F13966 /* ContentView.swift in Sources */ = {isa = PBXBuildFile; fileRef = 18A64D16259CB95E00F13966 /* ContentView.swift */; };
		18A64D19259CB96100F13966 /* Assets.xcassets in Resources */ = {isa = PBXBuildFile; fileRef = 18A64D18259CB96100F13966 /* Assets.xcassets */; };
		18A64D1C259CB96100F13966 /* Preview Assets.xcassets in Resources */ = {isa = PBXBuildFile; fileRef = 18A64D1B259CB96100F13966 /* Preview Assets.xcassets */; };
		18A64D25259CE14D00F13966 /* AreaVC.swift in Sources */ = {isa = PBXBuildFile; fileRef = 18A64D24259CE14D00F13966 /* AreaVC.swift */; };
		18A64D28259CE56700F13966 /* SpeedVC.swift in Sources */ = {isa = PBXBuildFile; fileRef = 18A64D27259CE56700F13966 /* SpeedVC.swift */; };
		18A64D2B259CE82000F13966 /* AngleVC.swift in Sources */ = {isa = PBXBuildFile; fileRef = 18A64D2A259CE82000F13966 /* AngleVC.swift */; };
		18A64D2E259CE9C700F13966 /* TemperatureVC.swift in Sources */ = {isa = PBXBuildFile; fileRef = 18A64D2D259CE9C700F13966 /* TemperatureVC.swift */; };
		18A64D31259CEA1A00F13966 /* WeightVC.swift in Sources */ = {isa = PBXBuildFile; fileRef = 18A64D30259CEA1A00F13966 /* WeightVC.swift */; };
		18A64D34259CEA8900F13966 /* DistanceVC.swift in Sources */ = {isa = PBXBuildFile; fileRef = 18A64D33259CEA8900F13966 /* DistanceVC.swift */; };
		18A64D37259CEAED00F13966 /* RulerVC.swift in Sources */ = {isa = PBXBuildFile; fileRef = 18A64D36259CEAED00F13966 /* RulerVC.swift */; };
		18A64D3A259CEB2400F13966 /* TimeVC.swift in Sources */ = {isa = PBXBuildFile; fileRef = 18A64D39259CEB2400F13966 /* TimeVC.swift */; };
		18D5B24325B7526D003F1625 /* TextfieldArea.swift in Sources */ = {isa = PBXBuildFile; fileRef = 18D5B24225B7526D003F1625 /* TextfieldArea.swift */; };
/* End PBXBuildFile section */

/* Begin PBXFileReference section */
		18192BE125A0AC2F00913BF5 /* WeightConverter.swift */ = {isa = PBXFileReference; fileEncoding = 4; lastKnownFileType = sourcecode.swift; path = WeightConverter.swift; sourceTree = "<group>"; };
		18192BE225A0AC2F00913BF5 /* AngleConverter.swift */ = {isa = PBXFileReference; fileEncoding = 4; lastKnownFileType = sourcecode.swift; path = AngleConverter.swift; sourceTree = "<group>"; };
		18192BE325A0AC2F00913BF5 /* EnergyConverter.swift */ = {isa = PBXFileReference; fileEncoding = 4; lastKnownFileType = sourcecode.swift; path = EnergyConverter.swift; sourceTree = "<group>"; };
		18192BE425A0AC2F00913BF5 /* DistanceConverter.swift */ = {isa = PBXFileReference; fileEncoding = 4; lastKnownFileType = sourcecode.swift; path = DistanceConverter.swift; sourceTree = "<group>"; };
		18192BE525A0AC2F00913BF5 /* TimeConverter.swift */ = {isa = PBXFileReference; fileEncoding = 4; lastKnownFileType = sourcecode.swift; path = TimeConverter.swift; sourceTree = "<group>"; };
		18192BE625A0AC2F00913BF5 /* TemperatureConverter.swift */ = {isa = PBXFileReference; fileEncoding = 4; lastKnownFileType = sourcecode.swift; path = TemperatureConverter.swift; sourceTree = "<group>"; };
		18192BE725A0AC2F00913BF5 /* SpeedConverter.swift */ = {isa = PBXFileReference; fileEncoding = 4; lastKnownFileType = sourcecode.swift; path = SpeedConverter.swift; sourceTree = "<group>"; };
		18192BE825A0AC3000913BF5 /* LengthConverter.swift */ = {isa = PBXFileReference; fileEncoding = 4; lastKnownFileType = sourcecode.swift; path = LengthConverter.swift; sourceTree = "<group>"; };
		18192BF225A0AC5A00913BF5 /* AreaConverter.swift */ = {isa = PBXFileReference; fileEncoding = 4; lastKnownFileType = sourcecode.swift; path = AreaConverter.swift; sourceTree = "<group>"; };
		1860AE6125B366E600232476 /* Conversions.swift */ = {isa = PBXFileReference; lastKnownFileType = sourcecode.swift; path = Conversions.swift; sourceTree = "<group>"; };
		18A64D11259CB95E00F13966 /* ConverterAppSwiftUI.app */ = {isa = PBXFileReference; explicitFileType = wrapper.application; includeInIndex = 0; path = ConverterAppSwiftUI.app; sourceTree = BUILT_PRODUCTS_DIR; };
		18A64D14259CB95E00F13966 /* ConverterAppSwiftUIApp.swift */ = {isa = PBXFileReference; lastKnownFileType = sourcecode.swift; path = ConverterAppSwiftUIApp.swift; sourceTree = "<group>"; };
		18A64D16259CB95E00F13966 /* ContentView.swift */ = {isa = PBXFileReference; lastKnownFileType = sourcecode.swift; path = ContentView.swift; sourceTree = "<group>"; };
		18A64D18259CB96100F13966 /* Assets.xcassets */ = {isa = PBXFileReference; lastKnownFileType = folder.assetcatalog; path = Assets.xcassets; sourceTree = "<group>"; };
		18A64D1B259CB96100F13966 /* Preview Assets.xcassets */ = {isa = PBXFileReference; lastKnownFileType = folder.assetcatalog; path = "Preview Assets.xcassets"; sourceTree = "<group>"; };
		18A64D1D259CB96100F13966 /* Info.plist */ = {isa = PBXFileReference; lastKnownFileType = text.plist.xml; path = Info.plist; sourceTree = "<group>"; };
		18A64D24259CE14D00F13966 /* AreaVC.swift */ = {isa = PBXFileReference; lastKnownFileType = sourcecode.swift; path = AreaVC.swift; sourceTree = "<group>"; };
		18A64D27259CE56700F13966 /* SpeedVC.swift */ = {isa = PBXFileReference; lastKnownFileType = sourcecode.swift; path = SpeedVC.swift; sourceTree = "<group>"; };
		18A64D2A259CE82000F13966 /* AngleVC.swift */ = {isa = PBXFileReference; lastKnownFileType = sourcecode.swift; path = AngleVC.swift; sourceTree = "<group>"; };
		18A64D2D259CE9C700F13966 /* TemperatureVC.swift */ = {isa = PBXFileReference; lastKnownFileType = sourcecode.swift; path = TemperatureVC.swift; sourceTree = "<group>"; };
		18A64D30259CEA1A00F13966 /* WeightVC.swift */ = {isa = PBXFileReference; lastKnownFileType = sourcecode.swift; path = WeightVC.swift; sourceTree = "<group>"; };
		18A64D33259CEA8900F13966 /* DistanceVC.swift */ = {isa = PBXFileReference; lastKnownFileType = sourcecode.swift; path = DistanceVC.swift; sourceTree = "<group>"; };
		18A64D36259CEAED00F13966 /* RulerVC.swift */ = {isa = PBXFileReference; lastKnownFileType = sourcecode.swift; path = RulerVC.swift; sourceTree = "<group>"; };
		18A64D39259CEB2400F13966 /* TimeVC.swift */ = {isa = PBXFileReference; lastKnownFileType = sourcecode.swift; path = TimeVC.swift; sourceTree = "<group>"; };
		18D5B24225B7526D003F1625 /* TextfieldArea.swift */ = {isa = PBXFileReference; lastKnownFileType = sourcecode.swift; path = TextfieldArea.swift; sourceTree = "<group>"; };
/* End PBXFileReference section */

/* Begin PBXFrameworksBuildPhase section */
		18A64D0E259CB95E00F13966 /* Frameworks */ = {
			isa = PBXFrameworksBuildPhase;
			buildActionMask = 2147483647;
			files = (
			);
			runOnlyForDeploymentPostprocessing = 0;
		};
/* End PBXFrameworksBuildPhase section */

/* Begin PBXGroup section */
		18192BE025A0ABE300913BF5 /* Converter */ = {
			isa = PBXGroup;
			children = (
				18192BE225A0AC2F00913BF5 /* AngleConverter.swift */,
				18192BE425A0AC2F00913BF5 /* DistanceConverter.swift */,
				18192BE325A0AC2F00913BF5 /* EnergyConverter.swift */,
				18192BF225A0AC5A00913BF5 /* AreaConverter.swift */,
				18192BE825A0AC3000913BF5 /* LengthConverter.swift */,
				18192BE725A0AC2F00913BF5 /* SpeedConverter.swift */,
				18192BE625A0AC2F00913BF5 /* TemperatureConverter.swift */,
				18192BE525A0AC2F00913BF5 /* TimeConverter.swift */,
				18192BE125A0AC2F00913BF5 /* WeightConverter.swift */,
			);
			path = Converter;
			sourceTree = "<group>";
		};
		18A64D08259CB95E00F13966 = {
			isa = PBXGroup;
			children = (
				18A64D13259CB95E00F13966 /* ConverterAppSwiftUI */,
				18A64D12259CB95E00F13966 /* Products */,
			);
			sourceTree = "<group>";
		};
		18A64D12259CB95E00F13966 /* Products */ = {
			isa = PBXGroup;
			children = (
				18A64D11259CB95E00F13966 /* ConverterAppSwiftUI.app */,
			);
			name = Products;
			sourceTree = "<group>";
		};
		18A64D13259CB95E00F13966 /* ConverterAppSwiftUI */ = {
			isa = PBXGroup;
			children = (
				18192BE025A0ABE300913BF5 /* Converter */,
				18A64D14259CB95E00F13966 /* ConverterAppSwiftUIApp.swift */,
				18A64D16259CB95E00F13966 /* ContentView.swift */,
				18A64D18259CB96100F13966 /* Assets.xcassets */,
				18A64D1D259CB96100F13966 /* Info.plist */,
				18A64D1A259CB96100F13966 /* Preview Content */,
				18A64D24259CE14D00F13966 /* AreaVC.swift */,
				18A64D27259CE56700F13966 /* SpeedVC.swift */,
				18A64D2A259CE82000F13966 /* AngleVC.swift */,
				18A64D2D259CE9C700F13966 /* TemperatureVC.swift */,
				18A64D30259CEA1A00F13966 /* WeightVC.swift */,
				18A64D33259CEA8900F13966 /* DistanceVC.swift */,
				18A64D36259CEAED00F13966 /* RulerVC.swift */,
				18A64D39259CEB2400F13966 /* TimeVC.swift */,
				1860AE6125B366E600232476 /* Conversions.swift */,
				18D5B24225B7526D003F1625 /* TextfieldArea.swift */,
			);
			path = ConverterAppSwiftUI;
			sourceTree = "<group>";
		};
		18A64D1A259CB96100F13966 /* Preview Content */ = {
			isa = PBXGroup;
			children = (
				18A64D1B259CB96100F13966 /* Preview Assets.xcassets */,
			);
			path = "Preview Content";
			sourceTree = "<group>";
		};
/* End PBXGroup section */

/* Begin PBXNativeTarget section */
		18A64D10259CB95E00F13966 /* ConverterAppSwiftUI */ = {
			isa = PBXNativeTarget;
			buildConfigurationList = 18A64D20259CB96100F13966 /* Build configuration list for PBXNativeTarget "ConverterAppSwiftUI" */;
			buildPhases = (
				18A64D0D259CB95E00F13966 /* Sources */,
				18A64D0E259CB95E00F13966 /* Frameworks */,
				18A64D0F259CB95E00F13966 /* Resources */,
			);
			buildRules = (
			);
			dependencies = (
			);
			name = ConverterAppSwiftUI;
			productName = ConverterAppSwiftUI;
			productReference = 18A64D11259CB95E00F13966 /* ConverterAppSwiftUI.app */;
			productType = "com.apple.product-type.application";
		};
/* End PBXNativeTarget section */

/* Begin PBXProject section */
		18A64D09259CB95E00F13966 /* Project object */ = {
			isa = PBXProject;
			attributes = {
				LastSwiftUpdateCheck = 1220;
				LastUpgradeCheck = 1220;
				TargetAttributes = {
					18A64D10259CB95E00F13966 = {
						CreatedOnToolsVersion = 12.2;
					};
				};
			};
			buildConfigurationList = 18A64D0C259CB95E00F13966 /* Build configuration list for PBXProject "ConverterAppSwiftUI" */;
			compatibilityVersion = "Xcode 9.3";
			developmentRegion = en;
			hasScannedForEncodings = 0;
			knownRegions = (
				en,
				Base,
			);
			mainGroup = 18A64D08259CB95E00F13966;
			productRefGroup = 18A64D12259CB95E00F13966 /* Products */;
			projectDirPath = "";
			projectRoot = "";
			targets = (
				18A64D10259CB95E00F13966 /* ConverterAppSwiftUI */,
			);
		};
/* End PBXProject section */

/* Begin PBXResourcesBuildPhase section */
		18A64D0F259CB95E00F13966 /* Resources */ = {
			isa = PBXResourcesBuildPhase;
			buildActionMask = 2147483647;
			files = (
				18A64D1C259CB96100F13966 /* Preview Assets.xcassets in Resources */,
				18A64D19259CB96100F13966 /* Assets.xcassets in Resources */,
			);
			runOnlyForDeploymentPostprocessing = 0;
		};
/* End PBXResourcesBuildPhase section */

/* Begin PBXSourcesBuildPhase section */
		18A64D0D259CB95E00F13966 /* Sources */ = {
			isa = PBXSourcesBuildPhase;
			buildActionMask = 2147483647;
			files = (
				18192BEB25A0AC3000913BF5 /* EnergyConverter.swift in Sources */,
				18A64D2B259CE82000F13966 /* AngleVC.swift in Sources */,
				18192BEF25A0AC3000913BF5 /* SpeedConverter.swift in Sources */,
				18A64D3A259CEB2400F13966 /* TimeVC.swift in Sources */,
				18192BF325A0AC5A00913BF5 /* AreaConverter.swift in Sources */,
				1860AE6225B366E600232476 /* Conversions.swift in Sources */,
				18192BED25A0AC3000913BF5 /* TimeConverter.swift in Sources */,
				18A64D2E259CE9C700F13966 /* TemperatureVC.swift in Sources */,
				18192BE925A0AC3000913BF5 /* WeightConverter.swift in Sources */,
				18A64D17259CB95E00F13966 /* ContentView.swift in Sources */,
				18A64D25259CE14D00F13966 /* AreaVC.swift in Sources */,
				18192BEC25A0AC3000913BF5 /* DistanceConverter.swift in Sources */,
				18192BF025A0AC3000913BF5 /* LengthConverter.swift in Sources */,
				18A64D31259CEA1A00F13966 /* WeightVC.swift in Sources */,
				18A64D28259CE56700F13966 /* SpeedVC.swift in Sources */,
				18192BEE25A0AC3000913BF5 /* TemperatureConverter.swift in Sources */,
				18A64D15259CB95E00F13966 /* ConverterAppSwiftUIApp.swift in Sources */,
				18D5B24325B7526D003F1625 /* TextfieldArea.swift in Sources */,
				18A64D37259CEAED00F13966 /* RulerVC.swift in Sources */,
				18192BEA25A0AC3000913BF5 /* AngleConverter.swift in Sources */,
				18A64D34259CEA8900F13966 /* DistanceVC.swift in Sources */,
			);
			runOnlyForDeploymentPostprocessing = 0;
		};
/* End PBXSourcesBuildPhase section */

/* Begin XCBuildConfiguration section */
		18A64D1E259CB96100F13966 /* Debug */ = {
			isa = XCBuildConfiguration;
			buildSettings = {
				ALWAYS_SEARCH_USER_PATHS = NO;
				CLANG_ANALYZER_NONNULL = YES;
				CLANG_ANALYZER_NUMBER_OBJECT_CONVERSION = YES_AGGRESSIVE;
				CLANG_CXX_LANGUAGE_STANDARD = "gnu++14";
				CLANG_CXX_LIBRARY = "libc++";
				CLANG_ENABLE_MODULES = YES;
				CLANG_ENABLE_OBJC_ARC = YES;
				CLANG_ENABLE_OBJC_WEAK = YES;
				CLANG_WARN_BLOCK_CAPTURE_AUTORELEASING = YES;
				CLANG_WARN_BOOL_CONVERSION = YES;
				CLANG_WARN_COMMA = YES;
				CLANG_WARN_CONSTANT_CONVERSION = YES;
				CLANG_WARN_DEPRECATED_OBJC_IMPLEMENTATIONS = YES;
				CLANG_WARN_DIRECT_OBJC_ISA_USAGE = YES_ERROR;
				CLANG_WARN_DOCUMENTATION_COMMENTS = YES;
				CLANG_WARN_EMPTY_BODY = YES;
				CLANG_WARN_ENUM_CONVERSION = YES;
				CLANG_WARN_INFINITE_RECURSION = YES;
				CLANG_WARN_INT_CONVERSION = YES;
				CLANG_WARN_NON_LITERAL_NULL_CONVERSION = YES;
				CLANG_WARN_OBJC_IMPLICIT_RETAIN_SELF = YES;
				CLANG_WARN_OBJC_LITERAL_CONVERSION = YES;
				CLANG_WARN_OBJC_ROOT_CLASS = YES_ERROR;
				CLANG_WARN_QUOTED_INCLUDE_IN_FRAMEWORK_HEADER = YES;
				CLANG_WARN_RANGE_LOOP_ANALYSIS = YES;
				CLANG_WARN_STRICT_PROTOTYPES = YES;
				CLANG_WARN_SUSPICIOUS_MOVE = YES;
				CLANG_WARN_UNGUARDED_AVAILABILITY = YES_AGGRESSIVE;
				CLANG_WARN_UNREACHABLE_CODE = YES;
				CLANG_WARN__DUPLICATE_METHOD_MATCH = YES;
				COPY_PHASE_STRIP = NO;
				DEBUG_INFORMATION_FORMAT = dwarf;
				ENABLE_STRICT_OBJC_MSGSEND = YES;
				ENABLE_TESTABILITY = YES;
				GCC_C_LANGUAGE_STANDARD = gnu11;
				GCC_DYNAMIC_NO_PIC = NO;
				GCC_NO_COMMON_BLOCKS = YES;
				GCC_OPTIMIZATION_LEVEL = 0;
				GCC_PREPROCESSOR_DEFINITIONS = (
					"DEBUG=1",
					"$(inherited)",
				);
				GCC_WARN_64_TO_32_BIT_CONVERSION = YES;
				GCC_WARN_ABOUT_RETURN_TYPE = YES_ERROR;
				GCC_WARN_UNDECLARED_SELECTOR = YES;
				GCC_WARN_UNINITIALIZED_AUTOS = YES_AGGRESSIVE;
				GCC_WARN_UNUSED_FUNCTION = YES;
				GCC_WARN_UNUSED_VARIABLE = YES;
				IPHONEOS_DEPLOYMENT_TARGET = 14.2;
				MTL_ENABLE_DEBUG_INFO = INCLUDE_SOURCE;
				MTL_FAST_MATH = YES;
				ONLY_ACTIVE_ARCH = YES;
				SDKROOT = iphoneos;
				SWIFT_ACTIVE_COMPILATION_CONDITIONS = DEBUG;
				SWIFT_OPTIMIZATION_LEVEL = "-Onone";
			};
			name = Debug;
		};
		18A64D1F259CB96100F13966 /* Release */ = {
			isa = XCBuildConfiguration;
			buildSettings = {
				ALWAYS_SEARCH_USER_PATHS = NO;
				CLANG_ANALYZER_NONNULL = YES;
				CLANG_ANALYZER_NUMBER_OBJECT_CONVERSION = YES_AGGRESSIVE;
				CLANG_CXX_LANGUAGE_STANDARD = "gnu++14";
				CLANG_CXX_LIBRARY = "libc++";
				CLANG_ENABLE_MODULES = YES;
				CLANG_ENABLE_OBJC_ARC = YES;
				CLANG_ENABLE_OBJC_WEAK = YES;
				CLANG_WARN_BLOCK_CAPTURE_AUTORELEASING = YES;
				CLANG_WARN_BOOL_CONVERSION = YES;
				CLANG_WARN_COMMA = YES;
				CLANG_WARN_CONSTANT_CONVERSION = YES;
				CLANG_WARN_DEPRECATED_OBJC_IMPLEMENTATIONS = YES;
				CLANG_WARN_DIRECT_OBJC_ISA_USAGE = YES_ERROR;
				CLANG_WARN_DOCUMENTATION_COMMENTS = YES;
				CLANG_WARN_EMPTY_BODY = YES;
				CLANG_WARN_ENUM_CONVERSION = YES;
				CLANG_WARN_INFINITE_RECURSION = YES;
				CLANG_WARN_INT_CONVERSION = YES;
				CLANG_WARN_NON_LITERAL_NULL_CONVERSION = YES;
				CLANG_WARN_OBJC_IMPLICIT_RETAIN_SELF = YES;
				CLANG_WARN_OBJC_LITERAL_CONVERSION = YES;
				CLANG_WARN_OBJC_ROOT_CLASS = YES_ERROR;
				CLANG_WARN_QUOTED_INCLUDE_IN_FRAMEWORK_HEADER = YES;
				CLANG_WARN_RANGE_LOOP_ANALYSIS = YES;
				CLANG_WARN_STRICT_PROTOTYPES = YES;
				CLANG_WARN_SUSPICIOUS_MOVE = YES;
				CLANG_WARN_UNGUARDED_AVAILABILITY = YES_AGGRESSIVE;
				CLANG_WARN_UNREACHABLE_CODE = YES;
				CLANG_WARN__DUPLICATE_METHOD_MATCH = YES;
				COPY_PHASE_STRIP = NO;
				DEBUG_INFORMATION_FORMAT = "dwarf-with-dsym";
				ENABLE_NS_ASSERTIONS = NO;
				ENABLE_STRICT_OBJC_MSGSEND = YES;
				GCC_C_LANGUAGE_STANDARD = gnu11;
				GCC_NO_COMMON_BLOCKS = YES;
				GCC_WARN_64_TO_32_BIT_CONVERSION = YES;
				GCC_WARN_ABOUT_RETURN_TYPE = YES_ERROR;
				GCC_WARN_UNDECLARED_SELECTOR = YES;
				GCC_WARN_UNINITIALIZED_AUTOS = YES_AGGRESSIVE;
				GCC_WARN_UNUSED_FUNCTION = YES;
				GCC_WARN_UNUSED_VARIABLE = YES;
				IPHONEOS_DEPLOYMENT_TARGET = 14.2;
				MTL_ENABLE_DEBUG_INFO = NO;
				MTL_FAST_MATH = YES;
				SDKROOT = iphoneos;
				SWIFT_COMPILATION_MODE = wholemodule;
				SWIFT_OPTIMIZATION_LEVEL = "-O";
				VALIDATE_PRODUCT = YES;
			};
			name = Release;
		};
		18A64D21259CB96100F13966 /* Debug */ = {
			isa = XCBuildConfiguration;
			buildSettings = {
				ASSETCATALOG_COMPILER_APPICON_NAME = AppIcon;
				ASSETCATALOG_COMPILER_GLOBAL_ACCENT_COLOR_NAME = AccentColor;
				CODE_SIGN_STYLE = Automatic;
				DEVELOPMENT_ASSET_PATHS = "\"ConverterAppSwiftUI/Preview Content\"";
				ENABLE_PREVIEWS = YES;
				INFOPLIST_FILE = ConverterAppSwiftUI/Info.plist;
				IPHONEOS_DEPLOYMENT_TARGET = 14.0;
				LD_RUNPATH_SEARCH_PATHS = (
					"$(inherited)",
					"@executable_path/Frameworks",
				);
				PRODUCT_BUNDLE_IDENTIFIER = aa.ConverterAppSwiftUI;
				PRODUCT_NAME = "$(TARGET_NAME)";
				SWIFT_VERSION = 5.0;
				TARGETED_DEVICE_FAMILY = "1,2";
			};
			name = Debug;
		};
		18A64D22259CB96100F13966 /* Release */ = {
			isa = XCBuildConfiguration;
			buildSettings = {
				ASSETCATALOG_COMPILER_APPICON_NAME = AppIcon;
				ASSETCATALOG_COMPILER_GLOBAL_ACCENT_COLOR_NAME = AccentColor;
				CODE_SIGN_STYLE = Automatic;
				DEVELOPMENT_ASSET_PATHS = "\"ConverterAppSwiftUI/Preview Content\"";
				ENABLE_PREVIEWS = YES;
				INFOPLIST_FILE = ConverterAppSwiftUI/Info.plist;
				IPHONEOS_DEPLOYMENT_TARGET = 14.0;
				LD_RUNPATH_SEARCH_PATHS = (
					"$(inherited)",
					"@executable_path/Frameworks",
				);
				PRODUCT_BUNDLE_IDENTIFIER = aa.ConverterAppSwiftUI;
				PRODUCT_NAME = "$(TARGET_NAME)";
				SWIFT_VERSION = 5.0;
				TARGETED_DEVICE_FAMILY = "1,2";
			};
			name = Release;
		};
/* End XCBuildConfiguration section */

/* Begin XCConfigurationList section */
		18A64D0C259CB95E00F13966 /* Build configuration list for PBXProject "ConverterAppSwiftUI" */ = {
			isa = XCConfigurationList;
			buildConfigurations = (
				18A64D1E259CB96100F13966 /* Debug */,
				18A64D1F259CB96100F13966 /* Release */,
			);
			defaultConfigurationIsVisible = 0;
			defaultConfigurationName = Release;
		};
		18A64D20259CB96100F13966 /* Build configuration list for PBXNativeTarget "ConverterAppSwiftUI" */ = {
			isa = XCConfigurationList;
			buildConfigurations = (
				18A64D21259CB96100F13966 /* Debug */,
				18A64D22259CB96100F13966 /* Release */,
			);
			defaultConfigurationIsVisible = 0;
			defaultConfigurationName = Release;
		};
/* End XCConfigurationList section */
	};
	rootObject = 18A64D09259CB95E00F13966 /* Project object */;
}
